
Microsoft Visual Studio Solution File, Format Version 12.00
# Visual Studio Version 17
VisualStudioVersion = 17.9.34728.123
MinimumVisualStudioVersion = 10.0.40219.1
Project("{FAE04EC0-301F-11D3-BF4B-00C04F79EFBC}") = "deliverable2GrandCircusBootcamp", "deliverable2GrandCircusBootcamp.csproj", "{F661479F-AF2E-4BFC-9D57-412A2A7954DC}"
EndProject
Global
	GlobalSection(SolutionConfigurationPlatforms) = preSolution
		Debug|Any CPU = Debug|Any CPU
		Release|Any CPU = Release|Any CPU
	EndGlobalSection
	GlobalSection(ProjectConfigurationPlatforms) = postSolution
		{F661479F-AF2E-4BFC-9D57-412A2A7954DC}.Debug|Any CPU.ActiveCfg = Debug|Any CPU
		{F661479F-AF2E-4BFC-9D57-412A2A7954DC}.Debug|Any CPU.Build.0 = Debug|Any CPU
		{F661479F-AF2E-4BFC-9D57-412A2A7954DC}.Release|Any CPU.ActiveCfg = Release|Any CPU
		{F661479F-AF2E-4BFC-9D57-412A2A7954DC}.Release|Any CPU.Build.0 = Release|Any CPU
	EndGlobalSection
	GlobalSection(SolutionProperties) = preSolution
		HideSolutionNode = FALSE
	EndGlobalSection
	GlobalSection(ExtensibilityGlobals) = postSolution
		SolutionGuid = {F365EE71-89E0-452B-9415-86D5DB58B58F}
	EndGlobalSection
EndGlobal
